# This file is generated by running "yarn install" inside your project.
# Manual changes might be lost - proceed with caution!

__metadata:
  version: 6
  cacheKey: 8

"@babel/helper-plugin-utils@npm:^7.24.6":
  version: 7.24.6
  resolution: "@babel/helper-plugin-utils@npm:7.24.6"
  checksum: d22bb82c75afed0d8c37784876fd6deb9db06ef21526db909ef7986a6050b50beb60a7823c08a1bb7c57c668af2e086d8086e88b6f9140b0d9ade07472f7c748
  languageName: node
  linkType: hard

"@babel/plugin-proposal-explicit-resource-management@npm:^7.23.9":
  version: 7.24.6
  resolution: "@babel/plugin-proposal-explicit-resource-management@npm:7.24.6"
  dependencies:
    "@babel/helper-plugin-utils": ^7.24.6
    "@babel/plugin-syntax-explicit-resource-management": ^7.24.6
  peerDependencies:
    "@babel/core": ^7.0.0-0
  checksum: 4658cdec35c44366489481f8d049bef55d225feef44b7af963c9242e97da698e7a1e9f19c87123b5444f7f2990f33a8159ab837cfdcaa326fb77e7db5aa8c803
  languageName: node
  linkType: hard

"@babel/plugin-syntax-explicit-resource-management@npm:^7.24.6":
  version: 7.24.6
  resolution: "@babel/plugin-syntax-explicit-resource-management@npm:7.24.6"
  dependencies:
    "@babel/helper-plugin-utils": ^7.24.6
  peerDependencies:
    "@babel/core": ^7.0.0-0
  checksum: 49701ac5b5112fe219aa7faf74e68b8c336611dd5bc52e64bcd7f146d1bd10c0cc040e2155a943a78098a7d0b7fa0cc1bbd8990a0b98d6ce89a46e5bfcd2015c
  languageName: node
  linkType: hard

"root-workspace-0b6124@workspace:.":
  version: 0.0.0-use.local
  resolution: "root-workspace-0b6124@workspace:."
  dependencies:
    "@babel/plugin-proposal-explicit-resource-management": ^7.23.9
  languageName: unknown
  linkType: soft
