# This file is generated by running "yarn install" inside your project.
# Manual changes might be lost - proceed with caution!

__metadata:
  version: 6
  cacheKey: 8

"@babel/helper-plugin-utils@npm:^7.24.6":
  version: 7.24.6
  resolution: "@babel/helper-plugin-utils@npm:7.24.6"
  checksum: d22bb82c75afed0d8c37784876fd6deb9db06ef21526db909ef7986a6050b50beb60a7823c08a1bb7c57c668af2e086d8086e88b6f9140b0d9ade07472f7c748
  languageName: node
  linkType: hard

"@babel/helper-validator-option@npm:^7.24.6":
  version: 7.24.6
  resolution: "@babel/helper-validator-option@npm:7.24.6"
  checksum: 5defb2da74e1cac9497016f4e41698aeed75ec7a5e9dc07e777cdb67ef73cd2e27bd2bf8a3ab8d37e0b93a6a45524a9728f03e263afdef452436cf74794bde87
  languageName: node
  linkType: hard

"@babel/plugin-syntax-flow@npm:^7.24.6":
  version: 7.24.6
  resolution: "@babel/plugin-syntax-flow@npm:7.24.6"
  dependencies:
    "@babel/helper-plugin-utils": ^7.24.6
  peerDependencies:
    "@babel/core": ^7.0.0-0
  checksum: 0df374b03344c2fda8639f50fe445ce1fb90e947da20880b468a9419123f39b4f0e1de6aef92615c5668754cd2058d8a918e7c4fdd20fe3cf55b86c1370d6fab
  languageName: node
  linkType: hard

"@babel/plugin-transform-flow-strip-types@npm:^7.24.6":
  version: 7.24.6
  resolution: "@babel/plugin-transform-flow-strip-types@npm:7.24.6"
  dependencies:
    "@babel/helper-plugin-utils": ^7.24.6
    "@babel/plugin-syntax-flow": ^7.24.6
  peerDependencies:
    "@babel/core": ^7.0.0-0
  checksum: bef6c7d725ec3572d9cef6847129db109a9822c283435b69a6e6aca9c3c3078e20cf9c537a77cff2cc60c52936c82d68100298787f6d1cae7b48e261511385c3
  languageName: node
  linkType: hard

"@babel/preset-flow@npm:^7.0.0":
  version: 7.24.6
  resolution: "@babel/preset-flow@npm:7.24.6"
  dependencies:
    "@babel/helper-plugin-utils": ^7.24.6
    "@babel/helper-validator-option": ^7.24.6
    "@babel/plugin-transform-flow-strip-types": ^7.24.6
  peerDependencies:
    "@babel/core": ^7.0.0-0
  checksum: e2c69ff6df437d6fdd8c069d6bfcc0a091d40537f01d6214e6b7fb0999e4fe0b814fd52bb8f2b5120e0f5df56586f19427480730e0035f93d6164a5a8a017c53
  languageName: node
  linkType: hard

"root-workspace-0b6124@workspace:.":
  version: 0.0.0-use.local
  resolution: "root-workspace-0b6124@workspace:."
  dependencies:
    "@babel/preset-flow": ^7.0.0
  languageName: unknown
  linkType: soft
